
Microsoft Visual Studio Solution File, Format Version 12.00
# Visual Studio Version 16
VisualStudioVersion = 16.0.31613.86
MinimumVisualStudioVersion = 10.0.40219.1
Project("{FAE04EC0-301F-11D3-BF4B-00C04F79EFBC}") = "eTicket", "eTicket\eTicket.csproj", "{38AED27F-B58B-42A0-BE62-DA44FB6EA29C}"
EndProject
Global
	GlobalSection(SolutionConfigurationPlatforms) = preSolution
		Debug|Any CPU = Debug|Any CPU
		Release|Any CPU = Release|Any CPU
	EndGlobalSection
	GlobalSection(ProjectConfigurationPlatforms) = postSolution
		{38AED27F-B58B-42A0-BE62-DA44FB6EA29C}.Debug|Any CPU.ActiveCfg = Debug|Any CPU
		{38AED27F-B58B-42A0-BE62-DA44FB6EA29C}.Debug|Any CPU.Build.0 = Debug|Any CPU
		{38AED27F-B58B-42A0-BE62-DA44FB6EA29C}.Release|Any CPU.ActiveCfg = Release|Any CPU
		{38AED27F-B58B-42A0-BE62-DA44FB6EA29C}.Release|Any CPU.Build.0 = Release|Any CPU
	EndGlobalSection
	GlobalSection(SolutionProperties) = preSolution
		HideSolutionNode = FALSE
	EndGlobalSection
	GlobalSection(ExtensibilityGlobals) = postSolution
		SolutionGuid = {968A90EF-80F4-4A62-A686-78969B634BBD}
	EndGlobalSection
EndGlobal
